
Microsoft Visual Studio Solution File, Format Version 12.00
# Visual Studio 14
VisualStudioVersion = 14.0.22310.1
MinimumVisualStudioVersion = 10.0.40219.1
Project("{8BC9CEB8-8B4A-11D0-8D11-00A0C91BC942}") = "Ivan", "Main\Main.vcxproj", "{FFFBCA19-3A20-483D-BD9A-F514E39E7C84}"
EndProject
Project("{8BC9CEB8-8B4A-11D0-8D11-00A0C91BC942}") = "FeLib", "FeLib\FeLib.vcxproj", "{1F64DD5B-038D-421F-B865-CA86CD5A1CD0}"
EndProject
Project("{8BC9CEB8-8B4A-11D0-8D11-00A0C91BC942}") = "FeLibTests", "FeLib\UnitTests\FeLibTests.vcxproj", "{E3831652-FAE8-41EB-A014-4CFD3380051D}"
EndProject
Global
	GlobalSection(SolutionConfigurationPlatforms) = preSolution
		Debug|Win32 = Debug|Win32
		Release|Win32 = Release|Win32
	EndGlobalSection
	GlobalSection(ProjectConfigurationPlatforms) = postSolution
		{FFFBCA19-3A20-483D-BD9A-F514E39E7C84}.Debug|Win32.ActiveCfg = Debug|Win32
		{FFFBCA19-3A20-483D-BD9A-F514E39E7C84}.Release|Win32.ActiveCfg = Release|Win32
		{FFFBCA19-3A20-483D-BD9A-F514E39E7C84}.Release|Win32.Build.0 = Release|Win32
		{1F64DD5B-038D-421F-B865-CA86CD5A1CD0}.Debug|Win32.ActiveCfg = Debug|Win32
		{1F64DD5B-038D-421F-B865-CA86CD5A1CD0}.Debug|Win32.Build.0 = Debug|Win32
		{1F64DD5B-038D-421F-B865-CA86CD5A1CD0}.Release|Win32.ActiveCfg = Release|Win32
		{1F64DD5B-038D-421F-B865-CA86CD5A1CD0}.Release|Win32.Build.0 = Release|Win32
		{E3831652-FAE8-41EB-A014-4CFD3380051D}.Debug|Win32.ActiveCfg = Debug|Win32
		{E3831652-FAE8-41EB-A014-4CFD3380051D}.Debug|Win32.Build.0 = Debug|Win32
		{E3831652-FAE8-41EB-A014-4CFD3380051D}.Release|Win32.ActiveCfg = Release|Win32
		{E3831652-FAE8-41EB-A014-4CFD3380051D}.Release|Win32.Build.0 = Release|Win32
	EndGlobalSection
	GlobalSection(SolutionProperties) = preSolution
		HideSolutionNode = FALSE
	EndGlobalSection
EndGlobal
