<?xml version="1.0" encoding="utf-8"?>
<Project ToolsVersion="4.0" xmlns="http://schemas.microsoft.com/developer/msbuild/2003">
  <ItemGroup>
    <Filter Include="Source Files">
      <UniqueIdentifier>{4FC737F1-C7A5-4376-A066-2A32D752A2FF}</UniqueIdentifier>
      <Extensions>cpp;c;cc;cxx;def;odl;idl;hpj;bat;asm;asmx</Extensions>
    </Filter>
    <Filter Include="Header Files">
      <UniqueIdentifier>{93995380-89BD-4b04-88EB-625FBE52EBFB}</UniqueIdentifier>
      <Extensions>h;hh;hpp;hxx;hm;inl;inc;xsd</Extensions>
    </Filter>
    <Filter Include="Resource Files">
      <UniqueIdentifier>{67DA6AB6-F800-4c08-8B7A-83BB121AAD01}</UniqueIdentifier>
      <Extensions>rc;ico;cur;bmp;dlg;rc2;rct;bin;rgs;gif;jpg;jpeg;jpe;resx;tiff;tif;png;wav;mfcribbon-ms</Extensions>
    </Filter>
  </ItemGroup>
  <ItemGroup>
    <ClInclude Include="Include\action.h">
      <Filter>Header Files</Filter>
    </ClInclude>
    <ClInclude Include="Include\actions.h">
      <Filter>Header Files</Filter>
    </ClInclude>
    <ClInclude Include="Include\area.h">
      <Filter>Header Files</Filter>
    </ClInclude>
    <ClInclude Include="Include\balance.h">
      <Filter>Header Files</Filter>
    </ClInclude>
    <ClInclude Include="Include\bodypart.h">
      <Filter>Header Files</Filter>
    </ClInclude>
    <ClInclude Include="Include\char.h">
      <Filter>Header Files</Filter>
    </ClInclude>
    <ClInclude Include="Include\command.h">
      <Filter>Header Files</Filter>
    </ClInclude>
    <ClInclude Include="Include\confdef.h">
      <Filter>Header Files</Filter>
    </ClInclude>
    <ClInclude Include="Include\cont.h">
      <Filter>Header Files</Filter>
    </ClInclude>
    <ClInclude Include="Include\database.h">
      <Filter>Header Files</Filter>
    </ClInclude>
    <ClInclude Include="Include\dungeon.h">
      <Filter>Header Files</Filter>
    </ClInclude>
    <ClInclude Include="Include\entity.h">
      <Filter>Header Files</Filter>
    </ClInclude>
    <ClInclude Include="Include\fluid.h">
      <Filter>Header Files</Filter>
    </ClInclude>
    <ClInclude Include="Include\game.h">
      <Filter>Header Files</Filter>
    </ClInclude>
    <ClInclude Include="Include\gear.h">
      <Filter>Header Files</Filter>
    </ClInclude>
    <ClInclude Include="Include\god.h">
      <Filter>Header Files</Filter>
    </ClInclude>
    <ClInclude Include="Include\gods.h">
      <Filter>Header Files</Filter>
    </ClInclude>
    <ClInclude Include="Include\human.h">
      <Filter>Header Files</Filter>
    </ClInclude>
    <ClInclude Include="Include\iconf.h">
      <Filter>Header Files</Filter>
    </ClInclude>
    <ClInclude Include="Include\id.h">
      <Filter>Header Files</Filter>
    </ClInclude>
    <ClInclude Include="Include\igraph.h">
      <Filter>Header Files</Filter>
    </ClInclude>
    <ClInclude Include="Include\iloops.h">
      <Filter>Header Files</Filter>
    </ClInclude>
    <ClInclude Include="Include\item.h">
      <Filter>Header Files</Filter>
    </ClInclude>
    <ClInclude Include="Include\ivandef.h">
      <Filter>Header Files</Filter>
    </ClInclude>
    <ClInclude Include="Include\level.h">
      <Filter>Header Files</Filter>
    </ClInclude>
    <ClInclude Include="Include\lsquare.h">
      <Filter>Header Files</Filter>
    </ClInclude>
    <ClInclude Include="Include\lterra.h">
      <Filter>Header Files</Filter>
    </ClInclude>
    <ClInclude Include="Include\lterras.h">
      <Filter>Header Files</Filter>
    </ClInclude>
    <ClInclude Include="Include\materia.h">
      <Filter>Header Files</Filter>
    </ClInclude>
    <ClInclude Include="Include\materias.h">
      <Filter>Header Files</Filter>
    </ClInclude>
    <ClInclude Include="Include\message.h">
      <Filter>Header Files</Filter>
    </ClInclude>
    <ClInclude Include="Include\miscitem.h">
      <Filter>Header Files</Filter>
    </ClInclude>
    <ClInclude Include="Include\nonhuman.h">
      <Filter>Header Files</Filter>
    </ClInclude>
    <ClInclude Include="Include\object.h">
      <Filter>Header Files</Filter>
    </ClInclude>
    <ClInclude Include="Include\pool.h">
      <Filter>Header Files</Filter>
    </ClInclude>
    <ClInclude Include="Include\proto.h">
      <Filter>Header Files</Filter>
    </ClInclude>
    <ClInclude Include="Include\rain.h">
      <Filter>Header Files</Filter>
    </ClInclude>
    <ClInclude Include="Include\room.h">
      <Filter>Header Files</Filter>
    </ClInclude>
    <ClInclude Include="Include\rooms.h">
      <Filter>Header Files</Filter>
    </ClInclude>
    <ClInclude Include="Include\script.h">
      <Filter>Header Files</Filter>
    </ClInclude>
    <ClInclude Include="Include\slot.h">
      <Filter>Header Files</Filter>
    </ClInclude>
    <ClInclude Include="Include\smoke.h">
      <Filter>Header Files</Filter>
    </ClInclude>
    <ClInclude Include="Include\square.h">
      <Filter>Header Files</Filter>
    </ClInclude>
    <ClInclude Include="Include\stack.h">
      <Filter>Header Files</Filter>
    </ClInclude>
    <ClInclude Include="Include\team.h">
      <Filter>Header Files</Filter>
    </ClInclude>
    <ClInclude Include="Include\terra.h">
      <Filter>Header Files</Filter>
    </ClInclude>
    <ClInclude Include="Include\trap.h">
      <Filter>Header Files</Filter>
    </ClInclude>
    <ClInclude Include="Include\traps.h">
      <Filter>Header Files</Filter>
    </ClInclude>
    <ClInclude Include="Include\worldmap.h">
      <Filter>Header Files</Filter>
    </ClInclude>
    <ClInclude Include="Include\wskill.h">
      <Filter>Header Files</Filter>
    </ClInclude>
    <ClInclude Include="Include\wsquare.h">
      <Filter>Header Files</Filter>
    </ClInclude>
    <ClInclude Include="Include\wterra.h">
      <Filter>Header Files</Filter>
    </ClInclude>
    <ClInclude Include="Include\wterras.h">
      <Filter>Header Files</Filter>
    </ClInclude>
    <ClInclude Include="Resource\resource.h">
      <Filter>Resource Files</Filter>
    </ClInclude>
  </ItemGroup>
  <ItemGroup>
    <ClCompile Include="Source\action.cpp">
      <Filter>Source Files</Filter>
    </ClCompile>
    <ClCompile Include="Source\actions.cpp">
      <Filter>Source Files</Filter>
    </ClCompile>
    <ClCompile Include="Source\actset.cpp">
      <Filter>Source Files</Filter>
    </ClCompile>
    <ClCompile Include="Source\area.cpp">
      <Filter>Source Files</Filter>
    </ClCompile>
    <ClCompile Include="Source\areaset.cpp">
      <Filter>Source Files</Filter>
    </ClCompile>
    <ClCompile Include="Source\bodypart.cpp">
      <Filter>Source Files</Filter>
    </ClCompile>
    <ClCompile Include="Source\char.cpp">
      <Filter>Source Files</Filter>
    </ClCompile>
    <ClCompile Include="Source\charset.cpp">
      <Filter>Source Files</Filter>
    </ClCompile>
    <ClCompile Include="Source\charsset.cpp">
      <Filter>Source Files</Filter>
    </ClCompile>
    <ClCompile Include="Source\command.cpp">
      <Filter>Source Files</Filter>
    </ClCompile>
    <ClCompile Include="Source\cont.cpp">
      <Filter>Source Files</Filter>
    </ClCompile>
    <ClCompile Include="Source\coreset.cpp">
      <Filter>Source Files</Filter>
    </ClCompile>
    <ClCompile Include="Source\database.cpp">
      <Filter>Source Files</Filter>
    </ClCompile>
    <ClCompile Include="Source\dataset.cpp">
      <Filter>Source Files</Filter>
    </ClCompile>
    <ClCompile Include="Source\dungeon.cpp">
      <Filter>Source Files</Filter>
    </ClCompile>
    <ClCompile Include="Source\entity.cpp">
      <Filter>Source Files</Filter>
    </ClCompile>
    <ClCompile Include="Source\fluid.cpp">
      <Filter>Source Files</Filter>
    </ClCompile>
    <ClCompile Include="Source\game.cpp">
      <Filter>Source Files</Filter>
    </ClCompile>
    <ClCompile Include="Source\gear.cpp">
      <Filter>Source Files</Filter>
    </ClCompile>
    <ClCompile Include="Source\god.cpp">
      <Filter>Source Files</Filter>
    </ClCompile>
    <ClCompile Include="Source\gods.cpp">
      <Filter>Source Files</Filter>
    </ClCompile>
    <ClCompile Include="Source\godset.cpp">
      <Filter>Source Files</Filter>
    </ClCompile>
    <ClCompile Include="Source\human.cpp">
      <Filter>Source Files</Filter>
    </ClCompile>
    <ClCompile Include="Source\iconf.cpp">
      <Filter>Source Files</Filter>
    </ClCompile>
    <ClCompile Include="Source\id.cpp">
      <Filter>Source Files</Filter>
    </ClCompile>
    <ClCompile Include="Source\igraph.cpp">
      <Filter>Source Files</Filter>
    </ClCompile>
    <ClCompile Include="Source\item.cpp">
      <Filter>Source Files</Filter>
    </ClCompile>
    <ClCompile Include="Source\itemset.cpp">
      <Filter>Source Files</Filter>
    </ClCompile>
    <ClCompile Include="Source\level.cpp">
      <Filter>Source Files</Filter>
    </ClCompile>
    <ClCompile Include="Source\levelset.cpp">
      <Filter>Source Files</Filter>
    </ClCompile>
    <ClCompile Include="Source\lsquare.cpp">
      <Filter>Source Files</Filter>
    </ClCompile>
    <ClCompile Include="Source\lterra.cpp">
      <Filter>Source Files</Filter>
    </ClCompile>
    <ClCompile Include="Source\lterras.cpp">
      <Filter>Source Files</Filter>
    </ClCompile>
    <ClCompile Include="Source\main.cpp">
      <Filter>Source Files</Filter>
    </ClCompile>
    <ClCompile Include="Source\materia.cpp">
      <Filter>Source Files</Filter>
    </ClCompile>
    <ClCompile Include="Source\materias.cpp">
      <Filter>Source Files</Filter>
    </ClCompile>
    <ClCompile Include="Source\materset.cpp">
      <Filter>Source Files</Filter>
    </ClCompile>
    <ClCompile Include="Source\message.cpp">
      <Filter>Source Files</Filter>
    </ClCompile>
    <ClCompile Include="Source\miscitem.cpp">
      <Filter>Source Files</Filter>
    </ClCompile>
    <ClCompile Include="Source\nonhuman.cpp">
      <Filter>Source Files</Filter>
    </ClCompile>
    <ClCompile Include="Source\object.cpp">
      <Filter>Source Files</Filter>
    </ClCompile>
    <ClCompile Include="Source\pool.cpp">
      <Filter>Source Files</Filter>
    </ClCompile>
    <ClCompile Include="Source\proto.cpp">
      <Filter>Source Files</Filter>
    </ClCompile>
    <ClCompile Include="Source\rain.cpp">
      <Filter>Source Files</Filter>
    </ClCompile>
    <ClCompile Include="Source\room.cpp">
      <Filter>Source Files</Filter>
    </ClCompile>
    <ClCompile Include="Source\rooms.cpp">
      <Filter>Source Files</Filter>
    </ClCompile>
    <ClCompile Include="Source\roomset.cpp">
      <Filter>Source Files</Filter>
    </ClCompile>
    <ClCompile Include="Source\script.cpp">
      <Filter>Source Files</Filter>
    </ClCompile>
    <ClCompile Include="Source\slot.cpp">
      <Filter>Source Files</Filter>
    </ClCompile>
    <ClCompile Include="Source\slotset.cpp">
      <Filter>Source Files</Filter>
    </ClCompile>
    <ClCompile Include="Source\smoke.cpp">
      <Filter>Source Files</Filter>
    </ClCompile>
    <ClCompile Include="Source\square.cpp">
      <Filter>Source Files</Filter>
    </ClCompile>
    <ClCompile Include="Source\stack.cpp">
      <Filter>Source Files</Filter>
    </ClCompile>
    <ClCompile Include="Source\team.cpp">
      <Filter>Source Files</Filter>
    </ClCompile>
    <ClCompile Include="Source\terra.cpp">
      <Filter>Source Files</Filter>
    </ClCompile>
    <ClCompile Include="Source\trap.cpp">
      <Filter>Source Files</Filter>
    </ClCompile>
    <ClCompile Include="Source\traps.cpp">
      <Filter>Source Files</Filter>
    </ClCompile>
    <ClCompile Include="Source\trapset.cpp">
      <Filter>Source Files</Filter>
    </ClCompile>
    <ClCompile Include="Source\wmapset.cpp">
      <Filter>Source Files</Filter>
    </ClCompile>
    <ClCompile Include="Source\worldmap.cpp">
      <Filter>Source Files</Filter>
    </ClCompile>
    <ClCompile Include="Source\wskill.cpp">
      <Filter>Source Files</Filter>
    </ClCompile>
    <ClCompile Include="Source\wsquare.cpp">
      <Filter>Source Files</Filter>
    </ClCompile>
    <ClCompile Include="Source\wterra.cpp">
      <Filter>Source Files</Filter>
    </ClCompile>
    <ClCompile Include="Source\wterras.cpp">
      <Filter>Source Files</Filter>
    </ClCompile>
  </ItemGroup>
  <ItemGroup>
    <Image Include="Resource\Ivan.ico">
      <Filter>Resource Files</Filter>
    </Image>
  </ItemGroup>
  <ItemGroup>
    <ResourceCompile Include="Resource\Ivan.rc">
      <Filter>Resource Files</Filter>
    </ResourceCompile>
  </ItemGroup>
  <ItemGroup>
    <None Include="packages.config" />
  </ItemGroup>
</Project>