<?xml version="1.0" encoding="utf-8"?>
<Project ToolsVersion="4.0" xmlns="http://schemas.microsoft.com/developer/msbuild/2003">
  <ItemGroup>
    <Filter Include="Source Files">
      <UniqueIdentifier>{4FC737F1-C7A5-4376-A066-2A32D752A2FF}</UniqueIdentifier>
      <Extensions>cpp;c;cc;cxx;def;odl;idl;hpj;bat;asm;asmx</Extensions>
    </Filter>
    <Filter Include="Header Files">
      <UniqueIdentifier>{93995380-89BD-4b04-88EB-625FBE52EBFB}</UniqueIdentifier>
      <Extensions>h;hh;hpp;hxx;hm;inl;inc;xsd</Extensions>
    </Filter>
    <Filter Include="Resource Files">
      <UniqueIdentifier>{67DA6AB6-F800-4c08-8B7A-83BB121AAD01}</UniqueIdentifier>
      <Extensions>rc;ico;cur;bmp;dlg;rc2;rct;bin;rgs;gif;jpg;jpeg;jpe;resx;tiff;tif;png;wav;mfcribbon-ms</Extensions>
    </Filter>
  </ItemGroup>
  <ItemGroup>
    <ClInclude Include="Include\allocate.h">
      <Filter>Header Files</Filter>
    </ClInclude>
    <ClInclude Include="Include\bitmap.h">
      <Filter>Header Files</Filter>
    </ClInclude>
    <ClInclude Include="Include\config.h">
      <Filter>Header Files</Filter>
    </ClInclude>
    <ClInclude Include="Include\error.h">
      <Filter>Header Files</Filter>
    </ClInclude>
    <ClInclude Include="Include\fearray.h">
      <Filter>Header Files</Filter>
    </ClInclude>
    <ClInclude Include="Include\feio.h">
      <Filter>Header Files</Filter>
    </ClInclude>
    <ClInclude Include="Include\felibdef.h">
      <Filter>Header Files</Filter>
    </ClInclude>
    <ClInclude Include="Include\felist.h">
      <Filter>Header Files</Filter>
    </ClInclude>
    <ClInclude Include="Include\feloops.h">
      <Filter>Header Files</Filter>
    </ClInclude>
    <ClInclude Include="Include\femath.h">
      <Filter>Header Files</Filter>
    </ClInclude>
    <ClInclude Include="Include\festring.h">
      <Filter>Header Files</Filter>
    </ClInclude>
    <ClInclude Include="Include\fetime.h">
      <Filter>Header Files</Filter>
    </ClInclude>
    <ClInclude Include="Include\graphics.h">
      <Filter>Header Files</Filter>
    </ClInclude>
    <ClInclude Include="Include\hscore.h">
      <Filter>Header Files</Filter>
    </ClInclude>
    <ClInclude Include="Include\pragmas.h">
      <Filter>Header Files</Filter>
    </ClInclude>
    <ClInclude Include="Include\rawbit.h">
      <Filter>Header Files</Filter>
    </ClInclude>
    <ClInclude Include="Include\rect.h">
      <Filter>Header Files</Filter>
    </ClInclude>
    <ClInclude Include="Include\save.h">
      <Filter>Header Files</Filter>
    </ClInclude>
    <ClInclude Include="Include\typedef.h">
      <Filter>Header Files</Filter>
    </ClInclude>
    <ClInclude Include="Include\v2.h">
      <Filter>Header Files</Filter>
    </ClInclude>
    <ClInclude Include="Include\whandler.h">
      <Filter>Header Files</Filter>
    </ClInclude>
  </ItemGroup>
  <ItemGroup>
    <ClCompile Include="Source\bitmap.cpp">
      <Filter>Source Files</Filter>
    </ClCompile>
    <ClCompile Include="Source\config.cpp">
      <Filter>Source Files</Filter>
    </ClCompile>
    <ClCompile Include="Source\error.cpp">
      <Filter>Source Files</Filter>
    </ClCompile>
    <ClCompile Include="Source\feio.cpp">
      <Filter>Source Files</Filter>
    </ClCompile>
    <ClCompile Include="Source\felist.cpp">
      <Filter>Source Files</Filter>
    </ClCompile>
    <ClCompile Include="Source\femain.cpp">
      <Filter>Source Files</Filter>
    </ClCompile>
    <ClCompile Include="Source\femath.cpp">
      <Filter>Source Files</Filter>
    </ClCompile>
    <ClCompile Include="Source\festring.cpp">
      <Filter>Source Files</Filter>
    </ClCompile>
    <ClCompile Include="Source\fetime.cpp">
      <Filter>Source Files</Filter>
    </ClCompile>
    <ClCompile Include="Source\graphics.cpp">
      <Filter>Source Files</Filter>
    </ClCompile>
    <ClCompile Include="Source\hscore.cpp">
      <Filter>Source Files</Filter>
    </ClCompile>
    <ClCompile Include="Source\rawbit.cpp">
      <Filter>Source Files</Filter>
    </ClCompile>
    <ClCompile Include="Source\save.cpp">
      <Filter>Source Files</Filter>
    </ClCompile>
    <ClCompile Include="Source\whandler.cpp">
      <Filter>Source Files</Filter>
    </ClCompile>
  </ItemGroup>
  <ItemGroup>
    <None Include="packages.config" />
  </ItemGroup>
</Project>